
Microsoft Visual Studio Solution File, Format Version 12.00
# Visual Studio Version 17
VisualStudioVersion = 17.0.31903.59
MinimumVisualStudioVersion = 10.0.40219.1
Project("{FAE04EC0-301F-11D3-BF4B-00C04F79EFBC}") = "TaskManagement.API", "TaskManagement.API\TaskManagement.API.csproj", "{E68128C1-0584-420F-9EF8-078C86E8ADD1}"
EndProject
Project("{FAE04EC0-301F-11D3-BF4B-00C04F79EFBC}") = "TaskManagement.Utilities", "TaskManagement.Utilities\TaskManagement.Utilities.csproj", "{DB71FC62-AA77-4BA8-8619-D8E4C9DCC799}"
EndProject
Project("{FAE04EC0-301F-11D3-BF4B-00C04F79EFBC}") = "TaskManagement.Services", "TaskManagement.Services\TaskManagement.Services.csproj", "{AD5554EE-D78D-4593-B40F-43033DBB74F3}"
EndProject
Project("{FAE04EC0-301F-11D3-BF4B-00C04F79EFBC}") = "TaskManagement.DataBase", "TaskManagement.Database\TaskManagement.DataBase.csproj", "{87DE33D4-9D48-4D7C-A5CA-B6CE5D13FFBB}"
EndProject
Global
	GlobalSection(SolutionConfigurationPlatforms) = preSolution
		Debug|Any CPU = Debug|Any CPU
		Release|Any CPU = Release|Any CPU
	EndGlobalSection
	GlobalSection(SolutionProperties) = preSolution
		HideSolutionNode = FALSE
	EndGlobalSection
	GlobalSection(ProjectConfigurationPlatforms) = postSolution
		{E68128C1-0584-420F-9EF8-078C86E8ADD1}.Debug|Any CPU.ActiveCfg = Debug|Any CPU
		{E68128C1-0584-420F-9EF8-078C86E8ADD1}.Debug|Any CPU.Build.0 = Debug|Any CPU
		{E68128C1-0584-420F-9EF8-078C86E8ADD1}.Release|Any CPU.ActiveCfg = Release|Any CPU
		{E68128C1-0584-420F-9EF8-078C86E8ADD1}.Release|Any CPU.Build.0 = Release|Any CPU
		{DB71FC62-AA77-4BA8-8619-D8E4C9DCC799}.Debug|Any CPU.ActiveCfg = Debug|Any CPU
		{DB71FC62-AA77-4BA8-8619-D8E4C9DCC799}.Debug|Any CPU.Build.0 = Debug|Any CPU
		{DB71FC62-AA77-4BA8-8619-D8E4C9DCC799}.Release|Any CPU.ActiveCfg = Release|Any CPU
		{DB71FC62-AA77-4BA8-8619-D8E4C9DCC799}.Release|Any CPU.Build.0 = Release|Any CPU
		{AD5554EE-D78D-4593-B40F-43033DBB74F3}.Debug|Any CPU.ActiveCfg = Debug|Any CPU
		{AD5554EE-D78D-4593-B40F-43033DBB74F3}.Debug|Any CPU.Build.0 = Debug|Any CPU
		{AD5554EE-D78D-4593-B40F-43033DBB74F3}.Release|Any CPU.ActiveCfg = Release|Any CPU
		{AD5554EE-D78D-4593-B40F-43033DBB74F3}.Release|Any CPU.Build.0 = Release|Any CPU
		{87DE33D4-9D48-4D7C-A5CA-B6CE5D13FFBB}.Debug|Any CPU.ActiveCfg = Debug|Any CPU
		{87DE33D4-9D48-4D7C-A5CA-B6CE5D13FFBB}.Debug|Any CPU.Build.0 = Debug|Any CPU
		{87DE33D4-9D48-4D7C-A5CA-B6CE5D13FFBB}.Release|Any CPU.ActiveCfg = Release|Any CPU
		{87DE33D4-9D48-4D7C-A5CA-B6CE5D13FFBB}.Release|Any CPU.Build.0 = Release|Any CPU
	EndGlobalSection
EndGlobal
